
Microsoft Visual Studio Solution File, Format Version 12.00
# Visual Studio Version 16
VisualStudioVersion = 16.0.30330.147
MinimumVisualStudioVersion = 10.0.40219.1
Project("{FAE04EC0-301F-11D3-BF4B-00C04F79EFBC}") = "ApiWebLizeth1", "ApiWebLizeth1\ApiWebLizeth1.csproj", "{A63B023F-3DA5-4030-9EB5-C4F11F8A564A}"
EndProject
Project("{FAE04EC0-301F-11D3-BF4B-00C04F79EFBC}") = "admTarea1", "admTarea1\admTarea1.csproj", "{D0A16464-DF7F-4957-8250-00B08EACDABA}"
EndProject
Global
	GlobalSection(SolutionConfigurationPlatforms) = preSolution
		Debug|Any CPU = Debug|Any CPU
		Release|Any CPU = Release|Any CPU
	EndGlobalSection
	GlobalSection(ProjectConfigurationPlatforms) = postSolution
		{A63B023F-3DA5-4030-9EB5-C4F11F8A564A}.Debug|Any CPU.ActiveCfg = Debug|Any CPU
		{A63B023F-3DA5-4030-9EB5-C4F11F8A564A}.Debug|Any CPU.Build.0 = Debug|Any CPU
		{A63B023F-3DA5-4030-9EB5-C4F11F8A564A}.Release|Any CPU.ActiveCfg = Release|Any CPU
		{A63B023F-3DA5-4030-9EB5-C4F11F8A564A}.Release|Any CPU.Build.0 = Release|Any CPU
		{D0A16464-DF7F-4957-8250-00B08EACDABA}.Debug|Any CPU.ActiveCfg = Debug|Any CPU
		{D0A16464-DF7F-4957-8250-00B08EACDABA}.Debug|Any CPU.Build.0 = Debug|Any CPU
		{D0A16464-DF7F-4957-8250-00B08EACDABA}.Release|Any CPU.ActiveCfg = Release|Any CPU
		{D0A16464-DF7F-4957-8250-00B08EACDABA}.Release|Any CPU.Build.0 = Release|Any CPU
	EndGlobalSection
	GlobalSection(SolutionProperties) = preSolution
		HideSolutionNode = FALSE
	EndGlobalSection
	GlobalSection(ExtensibilityGlobals) = postSolution
		SolutionGuid = {0696B6B0-5FA6-403D-8530-85DB680E96B6}
	EndGlobalSection
EndGlobal
